Microsoft Visual Studio Solution File, Format Version 12.00
# Visual Studio Version 17
VisualStudioVersion = 17.5.2.0
MinimumVisualStudioVersion = 10.0.40219.1
Project("{2150E333-8FDC-42A3-9474-1A3956D46DE8}") = "src", "src", "{827E0CD3-B72D-47B6-A68D-7590B98EB39B}"
EndProject
Project("{FAE04EC0-301F-11D3-BF4B-00C04F79EFBC}") = "Customer.API", "src\Customer.API\Customer.API.csproj", "{8355BC14-864F-CB5C-F46D-85216D942FB1}"
EndProject
Project("{FAE04EC0-301F-11D3-BF4B-00C04F79EFBC}") = "Customer.Domain", "src\Customer.Domain\Customer.Domain.csproj", "{EDCB9410-7E03-A2CB-4B43-B6F03117C72C}"
EndProject
Project("{FAE04EC0-301F-11D3-BF4B-00C04F79EFBC}") = "Customer.Infrastructure", "src\Customer.Infrastructure\Customer.Infrastructure.csproj", "{42131E89-0675-9802-1EDF-A4241EA0F10C}"
EndProject
Project("{FAE04EC0-301F-11D3-BF4B-00C04F79EFBC}") = "Customer.Application", "src\Customer.Application\Customer.Application.csproj", "{5E4A5BD3-7A8B-5106-7740-7F11ADC56930}"
EndProject
Project("{FAE04EC0-301F-11D3-BF4B-00C04F79EFBC}") = "Customer.Contract", "src\Customer.Contract\Customer.Contract.csproj", "{65E37562-BA4B-4C53-A1EB-8588E29CF768}"
EndProject
Global
	GlobalSection(SolutionConfigurationPlatforms) = preSolution
		Debug|Any CPU = Debug|Any CPU
		Release|Any CPU = Release|Any CPU
	EndGlobalSection
	GlobalSection(ProjectConfigurationPlatforms) = postSolution
		{8355BC14-864F-CB5C-F46D-85216D942FB1}.Debug|Any CPU.ActiveCfg = Debug|Any CPU
		{8355BC14-864F-CB5C-F46D-85216D942FB1}.Debug|Any CPU.Build.0 = Debug|Any CPU
		{8355BC14-864F-CB5C-F46D-85216D942FB1}.Release|Any CPU.ActiveCfg = Release|Any CPU
		{8355BC14-864F-CB5C-F46D-85216D942FB1}.Release|Any CPU.Build.0 = Release|Any CPU
		{EDCB9410-7E03-A2CB-4B43-B6F03117C72C}.Debug|Any CPU.ActiveCfg = Debug|Any CPU
		{EDCB9410-7E03-A2CB-4B43-B6F03117C72C}.Debug|Any CPU.Build.0 = Debug|Any CPU
		{EDCB9410-7E03-A2CB-4B43-B6F03117C72C}.Release|Any CPU.ActiveCfg = Release|Any CPU
		{EDCB9410-7E03-A2CB-4B43-B6F03117C72C}.Release|Any CPU.Build.0 = Release|Any CPU
		{42131E89-0675-9802-1EDF-A4241EA0F10C}.Debug|Any CPU.ActiveCfg = Debug|Any CPU
		{42131E89-0675-9802-1EDF-A4241EA0F10C}.Debug|Any CPU.Build.0 = Debug|Any CPU
		{42131E89-0675-9802-1EDF-A4241EA0F10C}.Release|Any CPU.ActiveCfg = Release|Any CPU
		{42131E89-0675-9802-1EDF-A4241EA0F10C}.Release|Any CPU.Build.0 = Release|Any CPU
		{5E4A5BD3-7A8B-5106-7740-7F11ADC56930}.Debug|Any CPU.ActiveCfg = Debug|Any CPU
		{5E4A5BD3-7A8B-5106-7740-7F11ADC56930}.Debug|Any CPU.Build.0 = Debug|Any CPU
		{5E4A5BD3-7A8B-5106-7740-7F11ADC56930}.Release|Any CPU.ActiveCfg = Release|Any CPU
		{5E4A5BD3-7A8B-5106-7740-7F11ADC56930}.Release|Any CPU.Build.0 = Release|Any CPU
		{65E37562-BA4B-4C53-A1EB-8588E29CF768}.Debug|Any CPU.ActiveCfg = Debug|Any CPU
		{65E37562-BA4B-4C53-A1EB-8588E29CF768}.Debug|Any CPU.Build.0 = Debug|Any CPU
		{65E37562-BA4B-4C53-A1EB-8588E29CF768}.Release|Any CPU.ActiveCfg = Release|Any CPU
		{65E37562-BA4B-4C53-A1EB-8588E29CF768}.Release|Any CPU.Build.0 = Release|Any CPU
	EndGlobalSection
	GlobalSection(SolutionProperties) = preSolution
		HideSolutionNode = FALSE
	EndGlobalSection
	GlobalSection(NestedProjects) = preSolution
		{8355BC14-864F-CB5C-F46D-85216D942FB1} = {827E0CD3-B72D-47B6-A68D-7590B98EB39B}
		{EDCB9410-7E03-A2CB-4B43-B6F03117C72C} = {827E0CD3-B72D-47B6-A68D-7590B98EB39B}
		{42131E89-0675-9802-1EDF-A4241EA0F10C} = {827E0CD3-B72D-47B6-A68D-7590B98EB39B}
		{5E4A5BD3-7A8B-5106-7740-7F11ADC56930} = {827E0CD3-B72D-47B6-A68D-7590B98EB39B}
		{65E37562-BA4B-4C53-A1EB-8588E29CF768} = {827E0CD3-B72D-47B6-A68D-7590B98EB39B}
	EndGlobalSection
	GlobalSection(ExtensibilityGlobals) = postSolution
		SolutionGuid = {38CCC430-71FF-4884-A468-1C3A5B00EC2E}
	EndGlobalSection
EndGlobal
